
Microsoft Visual Studio Solution File, Format Version 12.00
# Visual Studio Version 17
VisualStudioVersion = 17.0.31919.166
MinimumVisualStudioVersion = 10.0.40219.1
Project("{FAE04EC0-301F-11D3-BF4B-00C04F79EFBC}") = "CMPS-378_Final_Project", "CMPS-378_Final_Project\CMPS-378_Final_Project.csproj", "{86893672-9252-4795-88AD-EF62B3792368}"
EndProject
Global
	GlobalSection(SolutionConfigurationPlatforms) = preSolution
		Debug|Any CPU = Debug|Any CPU
		Release|Any CPU = Release|Any CPU
	EndGlobalSection
	GlobalSection(ProjectConfigurationPlatforms) = postSolution
		{86893672-9252-4795-88AD-EF62B3792368}.Debug|Any CPU.ActiveCfg = Debug|Any CPU
		{86893672-9252-4795-88AD-EF62B3792368}.Debug|Any CPU.Build.0 = Debug|Any CPU
		{86893672-9252-4795-88AD-EF62B3792368}.Release|Any CPU.ActiveCfg = Release|Any CPU
		{86893672-9252-4795-88AD-EF62B3792368}.Release|Any CPU.Build.0 = Release|Any CPU
	EndGlobalSection
	GlobalSection(SolutionProperties) = preSolution
		HideSolutionNode = FALSE
	EndGlobalSection
	GlobalSection(ExtensibilityGlobals) = postSolution
		SolutionGuid = {DC67B807-E2FD-4CE2-BB5E-8D3B1D43ED6F}
	EndGlobalSection
EndGlobal
